
Microsoft Visual Studio Solution File, Format Version 12.00
# Visual Studio Version 16
VisualStudioVersion = 16.0.32002.261
MinimumVisualStudioVersion = 10.0.40219.1
Project("{FAE04EC0-301F-11D3-BF4B-00C04F79EFBC}") = "StringFileSorter", "StringFileSorter\StringFileSorter.csproj", "{076E73C3-0284-4FD5-8BA3-910D5D0613CF}"
EndProject
Project("{FAE04EC0-301F-11D3-BF4B-00C04F79EFBC}") = "StringFileGenerator", "StringFileGenerator\StringFileGenerator.csproj", "{2EC6AC45-BD72-40B5-99EA-960B51CFC706}"
EndProject
Global
	GlobalSection(SolutionConfigurationPlatforms) = preSolution
		Debug|Any CPU = Debug|Any CPU
		Release|Any CPU = Release|Any CPU
	EndGlobalSection
	GlobalSection(ProjectConfigurationPlatforms) = postSolution
		{076E73C3-0284-4FD5-8BA3-910D5D0613CF}.Debug|Any CPU.ActiveCfg = Debug|Any CPU
		{076E73C3-0284-4FD5-8BA3-910D5D0613CF}.Debug|Any CPU.Build.0 = Debug|Any CPU
		{076E73C3-0284-4FD5-8BA3-910D5D0613CF}.Release|Any CPU.ActiveCfg = Release|Any CPU
		{076E73C3-0284-4FD5-8BA3-910D5D0613CF}.Release|Any CPU.Build.0 = Release|Any CPU
		{2EC6AC45-BD72-40B5-99EA-960B51CFC706}.Debug|Any CPU.ActiveCfg = Debug|Any CPU
		{2EC6AC45-BD72-40B5-99EA-960B51CFC706}.Debug|Any CPU.Build.0 = Debug|Any CPU
		{2EC6AC45-BD72-40B5-99EA-960B51CFC706}.Release|Any CPU.ActiveCfg = Release|Any CPU
		{2EC6AC45-BD72-40B5-99EA-960B51CFC706}.Release|Any CPU.Build.0 = Release|Any CPU
	EndGlobalSection
	GlobalSection(SolutionProperties) = preSolution
		HideSolutionNode = FALSE
	EndGlobalSection
	GlobalSection(ExtensibilityGlobals) = postSolution
		SolutionGuid = {B0457B24-10DB-4C4B-8AED-1D18CD4DB9A0}
	EndGlobalSection
EndGlobal
